# ply.lock — generated by `ply build`; do not edit by hand.
[[package]]
name = "node"
version = "24.6.0"
source = "https://registry.plybox.sh/ply/{package}"
sha256 = "sha256:37e7edcd89621d9d08b695482a1ff555bb60f821ed231c01e4e2788986686c43"

[[package]]
name = "alpine"
version = "3.20.7"
source = "https://registry.plybox.sh/ply/{package}"
sha256 = "sha256:9ee77edc0cfa331757f92bab0af4cbd7e57264f3c968d9b2638a6ea8b5ba11dd"
