# ply.lock — generated by `ply build`; do not edit by hand.
[[package]]
name = "git"
version = "2.47.3"
source = "https://registry.plybox.sh/ply/{package}"
sha256 = "sha256:1e1d4d2bb9d90405fe8b8c2ae4041096170fcc597c860ebdfa5600cd9e1ed39f"

[[package]]
name = "debian"
version = "13.6.0"
source = "https://registry.plybox.sh/ply/{package}"
sha256 = "sha256:066bba3cbdfa7f0ec35e6b61bf94d05db68b540a75b39f9739d97b59e708f8bc"
