# ply.lock — generated by `ply build`; do not edit by hand.
[[package]]
name = "caddy"
version = "2.7.6"
source = "https://registry.plybox.sh/ply/{package}"
sha256 = "sha256:673fb3d36315bcc6681ca17af191e59fc097bff3685d8692712e97ac05cbca7e"

[[package]]
name = "alpine"
version = "3.20.7"
source = "https://registry.plybox.sh/ply/{package}"
sha256 = "sha256:9ee77edc0cfa331757f92bab0af4cbd7e57264f3c968d9b2638a6ea8b5ba11dd"
