# ply.lock — generated by `ply build`; do not edit by hand.
[[package]]
name = "caddy"
version = "2.11.4"
source = "https://registry.plybox.sh/ply/{package}"
sha256 = "sha256:074becd15c7ab9341ba2c6097d2121a3e02723987c716e3d93e3f1ff3e619585"

[[package]]
name = "debian"
version = "13.6.0"
source = "https://registry.plybox.sh/ply/{package}"
sha256 = "sha256:066bba3cbdfa7f0ec35e6b61bf94d05db68b540a75b39f9739d97b59e708f8bc"
